
Microsoft Visual Studio Solution File, Format Version 12.00
# Visual Studio Version 16
VisualStudioVersion = 16.0.31911.196
MinimumVisualStudioVersion = 10.0.40219.1
Project("{FAE04EC0-301F-11D3-BF4B-00C04F79EFBC}") = "TrackerLibrary", "TrackerLibrary.csproj", "{91AEE56B-C93D-42B6-9594-3873037931FD}"
EndProject
Project("{FAE04EC0-301F-11D3-BF4B-00C04F79EFBC}") = "TrackerUI", "..\TrackerUI\TrackerUI.csproj", "{3251C1BE-6B74-43FA-8994-E717203D4879}"
EndProject
Global
	GlobalSection(SolutionConfigurationPlatforms) = preSolution
		Debug|Any CPU = Debug|Any CPU
		Release|Any CPU = Release|Any CPU
	EndGlobalSection
	GlobalSection(ProjectConfigurationPlatforms) = postSolution
		{91AEE56B-C93D-42B6-9594-3873037931FD}.Debug|Any CPU.ActiveCfg = Debug|Any CPU
		{91AEE56B-C93D-42B6-9594-3873037931FD}.Debug|Any CPU.Build.0 = Debug|Any CPU
		{91AEE56B-C93D-42B6-9594-3873037931FD}.Release|Any CPU.ActiveCfg = Release|Any CPU
		{91AEE56B-C93D-42B6-9594-3873037931FD}.Release|Any CPU.Build.0 = Release|Any CPU
		{3251C1BE-6B74-43FA-8994-E717203D4879}.Debug|Any CPU.ActiveCfg = Debug|Any CPU
		{3251C1BE-6B74-43FA-8994-E717203D4879}.Debug|Any CPU.Build.0 = Debug|Any CPU
		{3251C1BE-6B74-43FA-8994-E717203D4879}.Release|Any CPU.ActiveCfg = Release|Any CPU
		{3251C1BE-6B74-43FA-8994-E717203D4879}.Release|Any CPU.Build.0 = Release|Any CPU
	EndGlobalSection
	GlobalSection(SolutionProperties) = preSolution
		HideSolutionNode = FALSE
	EndGlobalSection
	GlobalSection(ExtensibilityGlobals) = postSolution
		SolutionGuid = {373BBADC-7BEA-4E03-997C-87FE2298CB0D}
	EndGlobalSection
EndGlobal
